# THIS IS AN AUTOGENERATED FILE. DO NOT EDIT THIS FILE DIRECTLY.
# yarn lockfile v1


axios@^0.12.0:
  version "0.12.0"
  resolved "http://registry.npmjs.org/axios/-/axios-0.12.0.tgz#b907b0221cc34ec1c9fac18ec7f07ddf95785ba4"
  dependencies:
    follow-redirects "0.0.7"

base-64@^0.1.0:
  version "0.1.0"
  resolved "https://registry.yarnpkg.com/base-64/-/base-64-0.1.0.tgz#780a99c84e7d600260361511c4877613bf24f6bb"

debug@^2.2.0:
  version "2.6.9"
  resolved "https://registry.yarnpkg.com/debug/-/debug-2.6.9.tgz#5d128515df134ff327e90a4c93f4e077a536341f"
  dependencies:
    ms "2.0.0"

deepmerge@^1.5.2:
  version "1.5.2"
  resolved "https://registry.yarnpkg.com/deepmerge/-/deepmerge-1.5.2.tgz#10499d868844cdad4fee0842df8c7f6f0c95a753"

es6-promise-promise@^1.0.0:
  version "1.0.0"
  resolved "https://registry.yarnpkg.com/es6-promise-promise/-/es6-promise-promise-1.0.0.tgz#3a91f235fdd2b08c4492b5734dfd1f417289b994"
  dependencies:
    es6-promise "^3.2.1"

es6-promise@^3.2.1:
  version "3.3.1"
  resolved "http://registry.npmjs.org/es6-promise/-/es6-promise-3.3.1.tgz#a08cdde84ccdbf34d027a1451bc91d4bcd28a613"

follow-redirects@0.0.7:
  version "0.0.7"
  resolved "http://registry.npmjs.org/follow-redirects/-/follow-redirects-0.0.7.tgz#34b90bab2a911aa347571da90f22bd36ecd8a919"
  dependencies:
    debug "^2.2.0"
    stream-consume "^0.1.0"

humps@^0.7.0:
  version "0.7.0"
  resolved "https://registry.yarnpkg.com/humps/-/humps-0.7.0.tgz#49977a5e2b36625246cf38ffde23a90e453d5117"

ms@2.0.0:
  version "2.0.0"
  resolved "https://registry.yarnpkg.com/ms/-/ms-2.0.0.tgz#5608aeadfc00be6c2901df5f9861788de0d597c8"

stream-consume@^0.1.0:
  version "0.1.1"
  resolved "https://registry.yarnpkg.com/stream-consume/-/stream-consume-0.1.1.tgz#d3bdb598c2bd0ae82b8cac7ac50b1107a7996c48"

timekit-sdk@^1.17.1:
  version "1.17.1"
  resolved "https://registry.yarnpkg.com/timekit-sdk/-/timekit-sdk-1.17.1.tgz#7bd0f0c7e770122914f11bc6f2ed292fe91d8bdb"
  dependencies:
    axios "^0.12.0"
    base-64 "^0.1.0"
    deepmerge "^1.5.2"
    es6-promise-promise "^1.0.0"
    humps "^0.7.0"
